{
  "name": "openapi3-flowtype-definition",
  "version": "0.3.0",
  "lockfileVersion": 2,
  "requires": true,
  "packages": {
    "": {
      "name": "openapi3-flowtype-definition",
      "version": "0.3.0",
      "license": "MIT",
      "devDependencies": {
        "axios": "0.21.2",
        "flow-bin": "0.78.0",
        "json-schema-to-flow-type": "1.0.0"
      }
    },
    "node_modules/@babel/generator": {
      "version": "7.1.3",
      "resolved": "https://registry.npmjs.org/@babel/generator/-/generator-7.1.3.tgz",
      "integrity": "sha512-ZoCZGcfIJFJuZBqxcY9OjC1KW2lWK64qrX1o4UYL3yshVhwKFYgzpWZ0vvtGMNJdTlvkw0W+HR1VnYN8q3QPFQ==",
      "dev": true,
      "dependencies": {
        "@babel/types": "^7.1.3",
        "jsesc": "^2.5.1",
        "lodash": "^4.17.10",
        "source-map": "^0.5.0",
        "trim-right": "^1.0.1"
      }
    },
    "node_modules/@babel/types": {
      "version": "7.1.3",
      "resolved": "https://registry.npmjs.org/@babel/types/-/types-7.1.3.tgz",
      "integrity": "sha512-RpPOVfK+yatXyn8n4PB1NW6k9qjinrXrRR8ugBN8fD6hCy5RXI6PSbVqpOJBO9oSaY7Nom4ohj35feb0UR9hSA==",
      "dev": true,
      "dependencies": {
        "esutils": "^2.0.2",
        "lodash": "^4.17.10",
        "to-fast-properties": "^2.0.0"
      }
    },
    "node_modules/axios": {
      "version": "0.21.2",
      "resolved": "https://registry.npmjs.org/axios/-/axios-0.21.2.tgz",
      "integrity": "sha512-87otirqUw3e8CzHTMO+/9kh/FSgXt/eVDvipijwDtEuwbkySWZ9SBm6VEubmJ/kLKEoLQV/POhxXFb66bfekfg==",
      "dev": true,
      "dependencies": {
        "follow-redirects": "^1.14.0"
      }
    },
    "node_modules/eslint-plugin-flow": {
      "version": "2.29.1",
      "resolved": "https://registry.npmjs.org/eslint-plugin-flow/-/eslint-plugin-flow-2.29.1.tgz",
      "integrity": "sha1-6iD1m3WbetAOL1mLaoK6IyhpsqM=",
      "dev": true,
      "dependencies": {
        "lodash": "^4.15.0"
      },
      "peerDependencies": {
        "eslint": ">=2.0.0"
      }
    },
    "node_modules/esutils": {
      "version": "2.0.2",
      "resolved": "https://registry.npmjs.org/esutils/-/esutils-2.0.2.tgz",
      "integrity": "sha1-Cr9PHKpbyx96nYrMbepPqqBLrJs=",
      "dev": true,
      "engines": {
        "node": ">=0.10.0"
      }
    },
    "node_modules/flow-bin": {
      "version": "0.78.0",
      "resolved": "https://registry.npmjs.org/flow-bin/-/flow-bin-0.78.0.tgz",
      "integrity": "sha512-LV55tE+ItkC9HQAbEK+VxpBe54Ryp/dj4q9KmqDIfhV7mtP+hbvc/1AUf/AaWFIve3eURO0cxoGN4ZQQ3o2HTg==",
      "dev": true,
      "bin": {
        "flow": "cli.js"
      },
      "engines": {
        "node": ">=0.10.0"
      }
    },
    "node_modules/follow-redirects": {
      "version": "1.14.4",
      "resolved": "https://registry.npmjs.org/follow-redirects/-/follow-redirects-1.14.4.tgz",
      "integrity": "sha512-zwGkiSXC1MUJG/qmeIFH2HBJx9u0V46QGUe3YR1fXG8bXQxq7fLj0RjLZQ5nubr9qNJUZrH+xUcwXEoXNpfS+g==",
      "dev": true,
      "funding": [
        {
          "type": "individual",
          "url": "https://github.com/sponsors/RubenVerborgh"
        }
      ],
      "engines": {
        "node": ">=4.0"
      },
      "peerDependenciesMeta": {
        "debug": {
          "optional": true
        }
      }
    },
    "node_modules/jsesc": {
      "version": "2.5.1",
      "resolved": "https://registry.npmjs.org/jsesc/-/jsesc-2.5.1.tgz",
      "integrity": "sha1-5CGiqOINawgZ3yiQj3glJrlt0f4=",
      "dev": true,
      "bin": {
        "jsesc": "bin/jsesc"
      },
      "engines": {
        "node": ">=4"
      }
    },
    "node_modules/json-schema-to-flow-type": {
      "version": "1.0.0",
      "resolved": "https://registry.npmjs.org/json-schema-to-flow-type/-/json-schema-to-flow-type-1.0.0.tgz",
      "integrity": "sha512-dwcUVo1MTUFa1oIkkQTEBfxiOQ12Jhsd8d+F2rWiOxTuWYTmDtcltKmaTg8iSBuE+bDEN43Jj1w3AqX8nQqh4g==",
      "dev": true,
      "dependencies": {
        "@babel/generator": "^7.0.0-beta.44",
        "@babel/types": "^7.0.0",
        "eslint-plugin-flow": "^2.29.1",
        "lodash": "4.17.x"
      }
    },
    "node_modules/lodash": {
      "version": "4.17.11",
      "resolved": "https://registry.npmjs.org/lodash/-/lodash-4.17.11.tgz",
      "integrity": "sha512-cQKh8igo5QUhZ7lg38DYWAxMvjSAKG0A8wGSVimP07SIUEK2UO+arSRKbRZWtelMtN5V0Hkwh5ryOto/SshYIg==",
      "dev": true
    },
    "node_modules/source-map": {
      "version": "0.5.7",
      "resolved": "https://registry.npmjs.org/source-map/-/source-map-0.5.7.tgz",
      "integrity": "sha1-igOdLRAh0i0eoUyA2OpGi6LvP8w=",
      "dev": true,
      "engines": {
        "node": ">=0.10.0"
      }
    },
    "node_modules/to-fast-properties": {
      "version": "2.0.0",
      "resolved": "https://registry.npmjs.org/to-fast-properties/-/to-fast-properties-2.0.0.tgz",
      "integrity": "sha1-3F5pjL0HkmW8c+A3doGk5Og/YW4=",
      "dev": true,
      "engines": {
        "node": ">=4"
      }
    },
    "node_modules/trim-right": {
      "version": "1.0.1",
      "resolved": "https://registry.npmjs.org/trim-right/-/trim-right-1.0.1.tgz",
      "integrity": "sha1-yy4SAwZ+DI3h9hQJS5/kVwTqYAM=",
      "dev": true,
      "engines": {
        "node": ">=0.10.0"
      }
    }
  },
  "dependencies": {
    "@babel/generator": {
      "version": "7.1.3",
      "resolved": "https://registry.npmjs.org/@babel/generator/-/generator-7.1.3.tgz",
      "integrity": "sha512-ZoCZGcfIJFJuZBqxcY9OjC1KW2lWK64qrX1o4UYL3yshVhwKFYgzpWZ0vvtGMNJdTlvkw0W+HR1VnYN8q3QPFQ==",
      "dev": true,
      "requires": {
        "@babel/types": "^7.1.3",
        "jsesc": "^2.5.1",
        "lodash": "^4.17.10",
        "source-map": "^0.5.0",
        "trim-right": "^1.0.1"
      }
    },
    "@babel/types": {
      "version": "7.1.3",
      "resolved": "https://registry.npmjs.org/@babel/types/-/types-7.1.3.tgz",
      "integrity": "sha512-RpPOVfK+yatXyn8n4PB1NW6k9qjinrXrRR8ugBN8fD6hCy5RXI6PSbVqpOJBO9oSaY7Nom4ohj35feb0UR9hSA==",
      "dev": true,
      "requires": {
        "esutils": "^2.0.2",
        "lodash": "^4.17.10",
        "to-fast-properties": "^2.0.0"
      }
    },
    "axios": {
      "version": "0.21.2",
      "resolved": "https://registry.npmjs.org/axios/-/axios-0.21.2.tgz",
      "integrity": "sha512-87otirqUw3e8CzHTMO+/9kh/FSgXt/eVDvipijwDtEuwbkySWZ9SBm6VEubmJ/kLKEoLQV/POhxXFb66bfekfg==",
      "dev": true,
      "requires": {
        "follow-redirects": "^1.14.0"
      }
    },
    "eslint-plugin-flow": {
      "version": "2.29.1",
      "resolved": "https://registry.npmjs.org/eslint-plugin-flow/-/eslint-plugin-flow-2.29.1.tgz",
      "integrity": "sha1-6iD1m3WbetAOL1mLaoK6IyhpsqM=",
      "dev": true,
      "requires": {
        "lodash": "^4.15.0"
      }
    },
    "esutils": {
      "version": "2.0.2",
      "resolved": "https://registry.npmjs.org/esutils/-/esutils-2.0.2.tgz",
      "integrity": "sha1-Cr9PHKpbyx96nYrMbepPqqBLrJs=",
      "dev": true
    },
    "flow-bin": {
      "version": "0.78.0",
      "resolved": "https://registry.npmjs.org/flow-bin/-/flow-bin-0.78.0.tgz",
      "integrity": "sha512-LV55tE+ItkC9HQAbEK+VxpBe54Ryp/dj4q9KmqDIfhV7mtP+hbvc/1AUf/AaWFIve3eURO0cxoGN4ZQQ3o2HTg==",
      "dev": true
    },
    "follow-redirects": {
      "version": "1.14.4",
      "resolved": "https://registry.npmjs.org/follow-redirects/-/follow-redirects-1.14.4.tgz",
      "integrity": "sha512-zwGkiSXC1MUJG/qmeIFH2HBJx9u0V46QGUe3YR1fXG8bXQxq7fLj0RjLZQ5nubr9qNJUZrH+xUcwXEoXNpfS+g==",
      "dev": true
    },
    "jsesc": {
      "version": "2.5.1",
      "resolved": "https://registry.npmjs.org/jsesc/-/jsesc-2.5.1.tgz",
      "integrity": "sha1-5CGiqOINawgZ3yiQj3glJrlt0f4=",
      "dev": true
    },
    "json-schema-to-flow-type": {
      "version": "1.0.0",
      "resolved": "https://registry.npmjs.org/json-schema-to-flow-type/-/json-schema-to-flow-type-1.0.0.tgz",
      "integrity": "sha512-dwcUVo1MTUFa1oIkkQTEBfxiOQ12Jhsd8d+F2rWiOxTuWYTmDtcltKmaTg8iSBuE+bDEN43Jj1w3AqX8nQqh4g==",
      "dev": true,
      "requires": {
        "@babel/generator": "^7.0.0-beta.44",
        "@babel/types": "^7.0.0",
        "eslint-plugin-flow": "^2.29.1",
        "lodash": "4.17.x"
      }
    },
    "lodash": {
      "version": "4.17.11",
      "resolved": "https://registry.npmjs.org/lodash/-/lodash-4.17.11.tgz",
      "integrity": "sha512-cQKh8igo5QUhZ7lg38DYWAxMvjSAKG0A8wGSVimP07SIUEK2UO+arSRKbRZWtelMtN5V0Hkwh5ryOto/SshYIg==",
      "dev": true
    },
    "source-map": {
      "version": "0.5.7",
      "resolved": "https://registry.npmjs.org/source-map/-/source-map-0.5.7.tgz",
      "integrity": "sha1-igOdLRAh0i0eoUyA2OpGi6LvP8w=",
      "dev": true
    },
    "to-fast-properties": {
      "version": "2.0.0",
      "resolved": "https://registry.npmjs.org/to-fast-properties/-/to-fast-properties-2.0.0.tgz",
      "integrity": "sha1-3F5pjL0HkmW8c+A3doGk5Og/YW4=",
      "dev": true
    },
    "trim-right": {
      "version": "1.0.1",
      "resolved": "https://registry.npmjs.org/trim-right/-/trim-right-1.0.1.tgz",
      "integrity": "sha1-yy4SAwZ+DI3h9hQJS5/kVwTqYAM=",
      "dev": true
    }
  }
}
