{
  "name": "openapi3-flowtype-definition",
  "version": "0.3.0",
  "lockfileVersion": 1,
  "requires": true,
  "dependencies": {
    "@babel/generator": {
      "version": "7.0.0-beta.49",
      "resolved": "https://registry.npmjs.org/@babel/generator/-/generator-7.0.0-beta.49.tgz",
      "integrity": "sha1-6c/9qROZaszseTu8JauRvBnQv3o=",
      "dev": true,
      "requires": {
        "@babel/types": "7.0.0-beta.49",
        "jsesc": "^2.5.1",
        "lodash": "^4.17.5",
        "source-map": "^0.5.0",
        "trim-right": "^1.0.1"
      }
    },
    "@babel/types": {
      "version": "7.0.0-beta.49",
      "resolved": "https://registry.npmjs.org/@babel/types/-/types-7.0.0-beta.49.tgz",
      "integrity": "sha1-t+Oxw/TUz+Eb34yJ8e/V4WF7h6Y=",
      "dev": true,
      "requires": {
        "esutils": "^2.0.2",
        "lodash": "^4.17.5",
        "to-fast-properties": "^2.0.0"
      }
    },
    "axios": {
      "version": "0.18.0",
      "resolved": "https://registry.npmjs.org/axios/-/axios-0.18.0.tgz",
      "integrity": "sha1-MtU+SFHv3AoRmTts0AB4nXDAUQI=",
      "dev": true,
      "requires": {
        "follow-redirects": "^1.3.0",
        "is-buffer": "^1.1.5"
      }
    },
    "debug": {
      "version": "3.1.0",
      "resolved": "https://registry.npmjs.org/debug/-/debug-3.1.0.tgz",
      "integrity": "sha512-OX8XqP7/1a9cqkxYw2yXss15f26NKWBpDXQd0/uK/KPqdQhxbPa994hnzjcE2VqQpDslf55723cKPUOGSmMY3g==",
      "dev": true,
      "requires": {
        "ms": "2.0.0"
      }
    },
    "eslint-plugin-flow": {
      "version": "2.29.1",
      "resolved": "https://registry.npmjs.org/eslint-plugin-flow/-/eslint-plugin-flow-2.29.1.tgz",
      "integrity": "sha1-6iD1m3WbetAOL1mLaoK6IyhpsqM=",
      "dev": true,
      "requires": {
        "lodash": "^4.15.0"
      }
    },
    "esutils": {
      "version": "2.0.2",
      "resolved": "https://registry.npmjs.org/esutils/-/esutils-2.0.2.tgz",
      "integrity": "sha1-Cr9PHKpbyx96nYrMbepPqqBLrJs=",
      "dev": true
    },
    "flow-bin": {
      "version": "0.77.0",
      "resolved": "https://registry.npmjs.org/flow-bin/-/flow-bin-0.77.0.tgz",
      "integrity": "sha1-TlyTkp8omgwo4I+zYalzSUShEpc=",
      "dev": true
    },
    "follow-redirects": {
      "version": "1.5.0",
      "resolved": "https://registry.npmjs.org/follow-redirects/-/follow-redirects-1.5.0.tgz",
      "integrity": "sha512-fdrt472/9qQ6Kgjvb935ig6vJCuofpBUD14f9Vb+SLlm7xIe4Qva5gey8EKtv8lp7ahE1wilg3xL1znpVGtZIA==",
      "dev": true,
      "requires": {
        "debug": "^3.1.0"
      }
    },
    "is-buffer": {
      "version": "1.1.6",
      "resolved": "https://registry.npmjs.org/is-buffer/-/is-buffer-1.1.6.tgz",
      "integrity": "sha512-NcdALwpXkTm5Zvvbk7owOUSvVvBKDgKP5/ewfXEznmQFfs4ZRmanOeKBTjRVjka3QFoN6XJ+9F3USqfHqTaU5w==",
      "dev": true
    },
    "jsesc": {
      "version": "2.5.1",
      "resolved": "https://registry.npmjs.org/jsesc/-/jsesc-2.5.1.tgz",
      "integrity": "sha1-5CGiqOINawgZ3yiQj3glJrlt0f4=",
      "dev": true
    },
    "json-schema-to-flow-type": {
      "version": "0.4.0",
      "resolved": "https://registry.npmjs.org/json-schema-to-flow-type/-/json-schema-to-flow-type-0.4.0.tgz",
      "integrity": "sha512-y91d0U0HiNA736/xcIrkhT7VsN2pXCKof/lW+RL385pkBOIvWF7H9/8f1pBO4MlSX2oF1TgWB5uvtkQ2f/LPqQ==",
      "dev": true,
      "requires": {
        "@babel/generator": "^7.0.0-beta.44",
        "@babel/types": "^7.0.0-beta.44",
        "eslint-plugin-flow": "^2.29.1",
        "lodash": "4.17.x"
      }
    },
    "lodash": {
      "version": "4.17.10",
      "resolved": "https://registry.npmjs.org/lodash/-/lodash-4.17.10.tgz",
      "integrity": "sha512-UejweD1pDoXu+AD825lWwp4ZGtSwgnpZxb3JDViD7StjQz+Nb/6l093lx4OQ0foGWNRoc19mWy7BzL+UAK2iVg==",
      "dev": true
    },
    "ms": {
      "version": "2.0.0",
      "resolved": "https://registry.npmjs.org/ms/-/ms-2.0.0.tgz",
      "integrity": "sha1-VgiurfwAvmwpAd9fmGF4jeDVl8g=",
      "dev": true
    },
    "source-map": {
      "version": "0.5.7",
      "resolved": "https://registry.npmjs.org/source-map/-/source-map-0.5.7.tgz",
      "integrity": "sha1-igOdLRAh0i0eoUyA2OpGi6LvP8w=",
      "dev": true
    },
    "to-fast-properties": {
      "version": "2.0.0",
      "resolved": "https://registry.npmjs.org/to-fast-properties/-/to-fast-properties-2.0.0.tgz",
      "integrity": "sha1-3F5pjL0HkmW8c+A3doGk5Og/YW4=",
      "dev": true
    },
    "trim-right": {
      "version": "1.0.1",
      "resolved": "https://registry.npmjs.org/trim-right/-/trim-right-1.0.1.tgz",
      "integrity": "sha1-yy4SAwZ+DI3h9hQJS5/kVwTqYAM=",
      "dev": true
    }
  }
}
