# THIS IS AN AUTOGENERATED FILE. DO NOT EDIT THIS FILE DIRECTLY.
# yarn lockfile v1


"@babel/generator@^7.0.0-beta.44":
  version "7.1.3"
  resolved "https://registry.npmjs.org/@babel/generator/-/generator-7.1.3.tgz"
  integrity sha512-ZoCZGcfIJFJuZBqxcY9OjC1KW2lWK64qrX1o4UYL3yshVhwKFYgzpWZ0vvtGMNJdTlvkw0W+HR1VnYN8q3QPFQ==
  dependencies:
    "@babel/types" "^7.1.3"
    jsesc "^2.5.1"
    lodash "^4.17.10"
    source-map "^0.5.0"
    trim-right "^1.0.1"

"@babel/types@^7.0.0", "@babel/types@^7.1.3":
  version "7.1.3"
  resolved "https://registry.npmjs.org/@babel/types/-/types-7.1.3.tgz"
  integrity sha512-RpPOVfK+yatXyn8n4PB1NW6k9qjinrXrRR8ugBN8fD6hCy5RXI6PSbVqpOJBO9oSaY7Nom4ohj35feb0UR9hSA==
  dependencies:
    esutils "^2.0.2"
    lodash "^4.17.10"
    to-fast-properties "^2.0.0"

asynckit@^0.4.0:
  version "0.4.0"
  resolved "https://registry.npmjs.org/asynckit/-/asynckit-0.4.0.tgz"
  integrity sha1-x57Zf380y48robyXkLzDZkdLS3k=

axios@1.3.2:
  version "1.3.2"
  resolved "https://registry.npmjs.org/axios/-/axios-1.3.2.tgz"
  integrity sha512-1M3O703bYqYuPhbHeya5bnhpYVsDDRyQSabNja04mZtboLNSuZ4YrltestrLXfHgmzua4TpUqRiVKbiQuo2epw==
  dependencies:
    follow-redirects "^1.15.0"
    form-data "^4.0.0"
    proxy-from-env "^1.1.0"

combined-stream@^1.0.8:
  version "1.0.8"
  resolved "https://registry.npmjs.org/combined-stream/-/combined-stream-1.0.8.tgz"
  integrity sha512-FQN4MRfuJeHf7cBbBMJFXhKSDq+2kAArBlmRBvcvFE5BB1HZKXtSFASDhdlz9zOYwxh8lDdnvmMOe/+5cdoEdg==
  dependencies:
    delayed-stream "~1.0.0"

delayed-stream@~1.0.0:
  version "1.0.0"
  resolved "https://registry.npmjs.org/delayed-stream/-/delayed-stream-1.0.0.tgz"
  integrity sha1-3zrhmayt+31ECqrgsp4icrJOxhk=

eslint-plugin-flow@^2.29.1:
  version "2.29.1"
  resolved "https://registry.npmjs.org/eslint-plugin-flow/-/eslint-plugin-flow-2.29.1.tgz"
  integrity sha1-6iD1m3WbetAOL1mLaoK6IyhpsqM=
  dependencies:
    lodash "^4.15.0"

esutils@^2.0.2:
  version "2.0.2"
  resolved "https://registry.npmjs.org/esutils/-/esutils-2.0.2.tgz"
  integrity sha1-Cr9PHKpbyx96nYrMbepPqqBLrJs=

flow-bin@0.199.1:
  version "0.199.1"
  resolved "https://registry.npmjs.org/flow-bin/-/flow-bin-0.199.1.tgz"
  integrity sha512-Ic0Mp9iZ2exbH0mNj/XhzUWPZa9JylHb6uQARZnnYCTRwumOpjNOP0qwyRTltWrbCpfHjnWngNO9VLaVKHz2aQ==

follow-redirects@^1.15.0:
  version "1.15.2"
  resolved "https://registry.npmjs.org/follow-redirects/-/follow-redirects-1.15.2.tgz"
  integrity sha512-VQLG33o04KaQ8uYi2tVNbdrWp1QWxNNea+nmIB4EVM28v0hmP17z7aG1+wAkNzVq4KeXTq3221ye5qTJP91JwA==

form-data@^4.0.0:
  version "4.0.0"
  resolved "https://registry.npmjs.org/form-data/-/form-data-4.0.0.tgz"
  integrity sha512-ETEklSGi5t0QMZuiXoA/Q6vcnxcLQP5vdugSpuAyi6SVGi2clPPp+xgEhuMaHC+zGgn31Kd235W35f7Hykkaww==
  dependencies:
    asynckit "^0.4.0"
    combined-stream "^1.0.8"
    mime-types "^2.1.12"

jsesc@^2.5.1:
  version "2.5.1"
  resolved "https://registry.npmjs.org/jsesc/-/jsesc-2.5.1.tgz"
  integrity sha1-5CGiqOINawgZ3yiQj3glJrlt0f4=

json-schema-to-flow-type@1.0.0:
  version "1.0.0"
  resolved "https://registry.npmjs.org/json-schema-to-flow-type/-/json-schema-to-flow-type-1.0.0.tgz"
  integrity sha512-dwcUVo1MTUFa1oIkkQTEBfxiOQ12Jhsd8d+F2rWiOxTuWYTmDtcltKmaTg8iSBuE+bDEN43Jj1w3AqX8nQqh4g==
  dependencies:
    "@babel/generator" "^7.0.0-beta.44"
    "@babel/types" "^7.0.0"
    eslint-plugin-flow "^2.29.1"
    lodash "4.17.x"

lodash@4.17.x, lodash@^4.15.0, lodash@^4.17.10:
  version "4.17.11"
  resolved "https://registry.npmjs.org/lodash/-/lodash-4.17.11.tgz"
  integrity sha512-cQKh8igo5QUhZ7lg38DYWAxMvjSAKG0A8wGSVimP07SIUEK2UO+arSRKbRZWtelMtN5V0Hkwh5ryOto/SshYIg==

mime-db@1.52.0:
  version "1.52.0"
  resolved "https://registry.npmjs.org/mime-db/-/mime-db-1.52.0.tgz"
  integrity sha512-sPU4uV7dYlvtWJxwwxHD0PuihVNiE7TyAbQ5SWxDCB9mUYvOgroQOwYQQOKPJ8CIbE+1ETVlOoK1UC2nU3gYvg==

mime-types@^2.1.12:
  version "2.1.35"
  resolved "https://registry.npmjs.org/mime-types/-/mime-types-2.1.35.tgz"
  integrity sha512-ZDY+bPm5zTTF+YpCrAU9nK0UgICYPT0QtT1NZWFv4s++TNkcgVaT0g6+4R2uI4MjQjzysHB1zxuWL50hzaeXiw==
  dependencies:
    mime-db "1.52.0"

proxy-from-env@^1.1.0:
  version "1.1.0"
  resolved "https://registry.npmjs.org/proxy-from-env/-/proxy-from-env-1.1.0.tgz"
  integrity sha512-D+zkORCbA9f1tdWRK0RaCR3GPv50cMxcrz4X8k5LTSUD1Dkw47mKJEZQNunItRTkWwgtaUSo1RVFRIG9ZXiFYg==

source-map@^0.5.0:
  version "0.5.7"
  resolved "https://registry.npmjs.org/source-map/-/source-map-0.5.7.tgz"
  integrity sha1-igOdLRAh0i0eoUyA2OpGi6LvP8w=

to-fast-properties@^2.0.0:
  version "2.0.0"
  resolved "https://registry.npmjs.org/to-fast-properties/-/to-fast-properties-2.0.0.tgz"
  integrity sha1-3F5pjL0HkmW8c+A3doGk5Og/YW4=

trim-right@^1.0.1:
  version "1.0.1"
  resolved "https://registry.npmjs.org/trim-right/-/trim-right-1.0.1.tgz"
  integrity sha1-yy4SAwZ+DI3h9hQJS5/kVwTqYAM=
