# THIS IS AN AUTOGENERATED FILE. DO NOT EDIT THIS FILE DIRECTLY.
# yarn lockfile v1


"@babel/generator@^7.0.0-beta.44":
  version "7.0.0-beta.49"
  resolved "https://registry.yarnpkg.com/@babel/generator/-/generator-7.0.0-beta.49.tgz#e9cffda913996accec793bbc25ab91bc19d0bf7a"
  dependencies:
    "@babel/types" "7.0.0-beta.49"
    jsesc "^2.5.1"
    lodash "^4.17.5"
    source-map "^0.5.0"
    trim-right "^1.0.1"

"@babel/types@7.0.0-beta.49":
  version "7.0.0-beta.49"
  resolved "https://registry.yarnpkg.com/@babel/types/-/types-7.0.0-beta.49.tgz#b7e3b1c3f4d4cfe11bdf8c89f1efd5e1617b87a6"
  dependencies:
    esutils "^2.0.2"
    lodash "^4.17.5"
    to-fast-properties "^2.0.0"

"@babel/types@^7.0.0-beta.44":
  version "7.0.0-beta.44"
  resolved "https://registry.yarnpkg.com/@babel/types/-/types-7.0.0-beta.44.tgz#6b1b164591f77dec0a0342aca995f2d046b3a757"
  dependencies:
    esutils "^2.0.2"
    lodash "^4.2.0"
    to-fast-properties "^2.0.0"

axios@0.18.0:
  version "0.18.0"
  resolved "https://registry.yarnpkg.com/axios/-/axios-0.18.0.tgz#32d53e4851efdc0a11993b6cd000789d70c05102"
  dependencies:
    follow-redirects "^1.3.0"
    is-buffer "^1.1.5"

debug@^3.1.0:
  version "3.1.0"
  resolved "https://registry.yarnpkg.com/debug/-/debug-3.1.0.tgz#5bb5a0672628b64149566ba16819e61518c67261"
  dependencies:
    ms "2.0.0"

eslint-plugin-flow@^2.29.1:
  version "2.29.1"
  resolved "https://registry.yarnpkg.com/eslint-plugin-flow/-/eslint-plugin-flow-2.29.1.tgz#ea20f59b759b7ad00e2f598b6a82ba232869b2a3"
  dependencies:
    lodash "^4.15.0"

esutils@^2.0.2:
  version "2.0.2"
  resolved "https://registry.yarnpkg.com/esutils/-/esutils-2.0.2.tgz#0abf4f1caa5bcb1f7a9d8acc6dea4faaa04bac9b"

flow-bin@0.77.0:
  version "0.77.0"
  resolved "https://registry.yarnpkg.com/flow-bin/-/flow-bin-0.77.0.tgz#4e5c93929f289a0c28e08fb361a9734944a11297"

follow-redirects@^1.3.0:
  version "1.5.0"
  resolved "https://registry.yarnpkg.com/follow-redirects/-/follow-redirects-1.5.0.tgz#234f49cf770b7f35b40e790f636ceba0c3a0ab77"
  dependencies:
    debug "^3.1.0"

is-buffer@^1.1.5:
  version "1.1.6"
  resolved "https://registry.yarnpkg.com/is-buffer/-/is-buffer-1.1.6.tgz#efaa2ea9daa0d7ab2ea13a97b2b8ad51fefbe8be"

jsesc@^2.5.1:
  version "2.5.1"
  resolved "https://registry.yarnpkg.com/jsesc/-/jsesc-2.5.1.tgz#e421a2a8e20d6b0819df28908f782526b96dd1fe"

json-schema-to-flow-type@0.4.0:
  version "0.4.0"
  resolved "https://registry.yarnpkg.com/json-schema-to-flow-type/-/json-schema-to-flow-type-0.4.0.tgz#6e40067ea4209e6379f978ca3fd55832800c5bd4"
  dependencies:
    "@babel/generator" "^7.0.0-beta.44"
    "@babel/types" "^7.0.0-beta.44"
    eslint-plugin-flow "^2.29.1"
    lodash "4.17.x"

lodash@4.17.x, lodash@^4.15.0, lodash@^4.17.5, lodash@^4.2.0:
  version "4.17.10"
  resolved "https://registry.yarnpkg.com/lodash/-/lodash-4.17.10.tgz#1b7793cf7259ea38fb3661d4d38b3260af8ae4e7"

ms@2.0.0:
  version "2.0.0"
  resolved "https://registry.yarnpkg.com/ms/-/ms-2.0.0.tgz#5608aeadfc00be6c2901df5f9861788de0d597c8"

source-map@^0.5.0:
  version "0.5.7"
  resolved "https://registry.yarnpkg.com/source-map/-/source-map-0.5.7.tgz#8a039d2d1021d22d1ea14c80d8ea468ba2ef3fcc"

to-fast-properties@^2.0.0:
  version "2.0.0"
  resolved "https://registry.yarnpkg.com/to-fast-properties/-/to-fast-properties-2.0.0.tgz#dc5e698cbd079265bc73e0377681a4e4e83f616e"

trim-right@^1.0.1:
  version "1.0.1"
  resolved "https://registry.yarnpkg.com/trim-right/-/trim-right-1.0.1.tgz#cb2e1203067e0c8de1f614094b9fe45704ea6003"
