# THIS IS AN AUTOGENERATED FILE. DO NOT EDIT THIS FILE DIRECTLY.
# yarn lockfile v1


"@babel/generator@^7.0.0-beta.44":
  version "7.0.0-beta.49"
  resolved "https://registry.yarnpkg.com/@babel/generator/-/generator-7.0.0-beta.49.tgz#e9cffda913996accec793bbc25ab91bc19d0bf7a"
  dependencies:
    "@babel/types" "7.0.0-beta.49"
    jsesc "^2.5.1"
    lodash "^4.17.5"
    source-map "^0.5.0"
    trim-right "^1.0.1"

"@babel/types@7.0.0-beta.49":
  version "7.0.0-beta.49"
  resolved "https://registry.yarnpkg.com/@babel/types/-/types-7.0.0-beta.49.tgz#b7e3b1c3f4d4cfe11bdf8c89f1efd5e1617b87a6"
  dependencies:
    esutils "^2.0.2"
    lodash "^4.17.5"
    to-fast-properties "^2.0.0"

"@babel/types@^7.0.0":
  version "7.1.3"
  resolved "https://registry.yarnpkg.com/@babel/types/-/types-7.1.3.tgz#3a767004567060c2f40fca49a304712c525ee37d"
  dependencies:
    esutils "^2.0.2"
    lodash "^4.17.10"
    to-fast-properties "^2.0.0"

axios@0.21.0:
  version "0.21.0"
  resolved "https://registry.yarnpkg.com/axios/-/axios-0.21.0.tgz#26df088803a2350dff2c27f96fef99fe49442aca"
  integrity sha512-fmkJBknJKoZwem3/IKSSLpkdNXZeBu5Q7GA/aRsr2btgrptmSCxi2oFjZHqGdK9DoTil9PIHlPIZw2EcRJXRvw==
  dependencies:
    follow-redirects "^1.10.0"

eslint-plugin-flow@^2.29.1:
  version "2.29.1"
  resolved "https://registry.yarnpkg.com/eslint-plugin-flow/-/eslint-plugin-flow-2.29.1.tgz#ea20f59b759b7ad00e2f598b6a82ba232869b2a3"
  dependencies:
    lodash "^4.15.0"

esutils@^2.0.2:
  version "2.0.2"
  resolved "https://registry.yarnpkg.com/esutils/-/esutils-2.0.2.tgz#0abf4f1caa5bcb1f7a9d8acc6dea4faaa04bac9b"

flow-bin@0.78.0:
  version "0.78.0"
  resolved "https://registry.yarnpkg.com/flow-bin/-/flow-bin-0.78.0.tgz#df9fe7f9c9a2dfaff39083949fe2d831b41627b7"

follow-redirects@^1.10.0:
  version "1.13.0"
  resolved "https://registry.yarnpkg.com/follow-redirects/-/follow-redirects-1.13.0.tgz#b42e8d93a2a7eea5ed88633676d6597bc8e384db"
  integrity sha512-aq6gF1BEKje4a9i9+5jimNFIpq4Q1WiwBToeRK5NvZBd/TRsmW8BsJfOEGkr76TbOyPVD3OVDN910EcUNtRYEA==

jsesc@^2.5.1:
  version "2.5.1"
  resolved "https://registry.yarnpkg.com/jsesc/-/jsesc-2.5.1.tgz#e421a2a8e20d6b0819df28908f782526b96dd1fe"

json-schema-to-flow-type@1.0.0:
  version "1.0.0"
  resolved "https://registry.yarnpkg.com/json-schema-to-flow-type/-/json-schema-to-flow-type-1.0.0.tgz#8c8fa651f3e569c68b12ee52380cc0205dbd96e7"
  dependencies:
    "@babel/generator" "^7.0.0-beta.44"
    "@babel/types" "^7.0.0"
    eslint-plugin-flow "^2.29.1"
    lodash "4.17.x"

lodash@4.17.x, lodash@^4.15.0, lodash@^4.17.5:
  version "4.17.10"
  resolved "https://registry.yarnpkg.com/lodash/-/lodash-4.17.10.tgz#1b7793cf7259ea38fb3661d4d38b3260af8ae4e7"

lodash@^4.17.10:
  version "4.17.11"
  resolved "https://registry.yarnpkg.com/lodash/-/lodash-4.17.11.tgz#b39ea6229ef607ecd89e2c8df12536891cac9b8d"

source-map@^0.5.0:
  version "0.5.7"
  resolved "https://registry.yarnpkg.com/source-map/-/source-map-0.5.7.tgz#8a039d2d1021d22d1ea14c80d8ea468ba2ef3fcc"

to-fast-properties@^2.0.0:
  version "2.0.0"
  resolved "https://registry.yarnpkg.com/to-fast-properties/-/to-fast-properties-2.0.0.tgz#dc5e698cbd079265bc73e0377681a4e4e83f616e"

trim-right@^1.0.1:
  version "1.0.1"
  resolved "https://registry.yarnpkg.com/trim-right/-/trim-right-1.0.1.tgz#cb2e1203067e0c8de1f614094b9fe45704ea6003"
